
Microsoft Visual Studio Solution File, Format Version 12.00
Project("{FAE04EC0-301F-11D3-BF4B-00C04F79EFBC}") = "WakeyWakeyBackendAPI", "WakeyWakeyBackendAPI\WakeyWakeyBackendAPI.csproj", "{121B54B8-03AB-434B-8692-DEB846DEC058}"
EndProject
Global
	GlobalSection(SolutionConfigurationPlatforms) = preSolution
		Debug|Any CPU = Debug|Any CPU
		Release|Any CPU = Release|Any CPU
	EndGlobalSection
	GlobalSection(ProjectConfigurationPlatforms) = postSolution
		{121B54B8-03AB-434B-8692-DEB846DEC058}.Debug|Any CPU.ActiveCfg = Debug|Any CPU
		{121B54B8-03AB-434B-8692-DEB846DEC058}.Debug|Any CPU.Build.0 = Debug|Any CPU
		{121B54B8-03AB-434B-8692-DEB846DEC058}.Release|Any CPU.ActiveCfg = Release|Any CPU
		{121B54B8-03AB-434B-8692-DEB846DEC058}.Release|Any CPU.Build.0 = Release|Any CPU
	EndGlobalSection
EndGlobal
